
Microsoft Visual Studio Solution File, Format Version 12.00
Project("{FAE04EC0-301F-11D3-BF4B-00C04F79EFBC}") = "Api_TestFramework", "Api_TestFramework.csproj", "{E5494A7F-B14B-47AE-A539-6FA615255D8B}"
EndProject
Global
	GlobalSection(SolutionConfigurationPlatforms) = preSolution
		Debug|Any CPU = Debug|Any CPU
		Release|Any CPU = Release|Any CPU
	EndGlobalSection
	GlobalSection(ProjectConfigurationPlatforms) = postSolution
		{E5494A7F-B14B-47AE-A539-6FA615255D8B}.Debug|Any CPU.ActiveCfg = Debug|Any CPU
		{E5494A7F-B14B-47AE-A539-6FA615255D8B}.Debug|Any CPU.Build.0 = Debug|Any CPU
		{E5494A7F-B14B-47AE-A539-6FA615255D8B}.Release|Any CPU.ActiveCfg = Release|Any CPU
		{E5494A7F-B14B-47AE-A539-6FA615255D8B}.Release|Any CPU.Build.0 = Release|Any CPU
	EndGlobalSection
EndGlobal
